
Microsoft Visual Studio Solution File, Format Version 12.00
# Visual Studio Version 17
VisualStudioVersion = 17.10.35122.118
MinimumVisualStudioVersion = 10.0.40219.1
Project("{FAE04EC0-301F-11D3-BF4B-00C04F79EFBC}") = "back-end", "back-end\back-end.csproj", "{67CE4FB5-28C9-4BC5-90EC-BFA74181FFB1}"
EndProject
Global
	GlobalSection(SolutionConfigurationPlatforms) = preSolution
		Debug|Any CPU = Debug|Any CPU
		Release|Any CPU = Release|Any CPU
	EndGlobalSection
	GlobalSection(ProjectConfigurationPlatforms) = postSolution
		{67CE4FB5-28C9-4BC5-90EC-BFA74181FFB1}.Debug|Any CPU.ActiveCfg = Debug|Any CPU
		{67CE4FB5-28C9-4BC5-90EC-BFA74181FFB1}.Debug|Any CPU.Build.0 = Debug|Any CPU
		{67CE4FB5-28C9-4BC5-90EC-BFA74181FFB1}.Release|Any CPU.ActiveCfg = Release|Any CPU
		{67CE4FB5-28C9-4BC5-90EC-BFA74181FFB1}.Release|Any CPU.Build.0 = Release|Any CPU
	EndGlobalSection
	GlobalSection(SolutionProperties) = preSolution
		HideSolutionNode = FALSE
	EndGlobalSection
	GlobalSection(ExtensibilityGlobals) = postSolution
		SolutionGuid = {F444A144-C7D5-491A-8421-C65C5BB38624}
	EndGlobalSection
EndGlobal
